{
  "version": 4,
  "terraform_version": "1.2.2",
  "serial": 5,
  "lineage": "0ca23c96-82ee-4cfc-ce61-cd00cee72aec",
  "outputs": {
    "additional_cidr_blocks": {
      "value": [],
      "type": [
        "tuple",
        []
      ]
    },
    "additional_cidr_blocks_to_association_ids": {
      "value": {},
      "type": [
        "object",
        {}
      ]
    },
    "additional_ipv6_cidr_blocks": {
      "value": [],
      "type": [
        "tuple",
        []
      ]
    },
    "additional_ipv6_cidr_blocks_to_association_ids": {
      "value": {},
      "type": [
        "object",
        {}
      ]
    },
    "igw_id": {
      "value": "igw-00fada6e9f94aea02",
      "type": "string"
    },
    "ipv6_cidr_block_network_border_group": {
      "value": "us-east-1",
      "type": "string"
    },
    "ipv6_egress_only_igw_id": {
      "value": "",
      "type": "string"
    },
    "vpc_arn": {
      "value": "arn:aws:ec2:us-east-1:771370169183:vpc/vpc-0f7ea68ed915a91d7",
      "type": "string"
    },
    "vpc_cidr_block": {
      "value": "11.0.0.0/16",
      "type": "string"
    },
    "vpc_default_network_acl_id": {
      "value": "acl-02db574ada45358d0",
      "type": "string"
    },
    "vpc_default_route_table_id": {
      "value": "rtb-05a2cec9d9b32b97a",
      "type": "string"
    },
    "vpc_default_security_group_id": {
      "value": "sg-0c8b757af864dc80a",
      "type": "string"
    },
    "vpc_id": {
      "value": "vpc-0f7ea68ed915a91d7",
      "type": "string"
    },
    "vpc_ipv6_association_id": {
      "value": "vpc-cidr-assoc-05bcccd14a5ef137f",
      "type": "string"
    },
    "vpc_ipv6_cidr_block": {
      "value": "2600:1f18:7999:9100::/56",
      "type": "string"
    },
    "vpc_main_route_table_id": {
      "value": "rtb-05a2cec9d9b32b97a",
      "type": "string"
    }
  },
  "resources": [
    {
      "mode": "managed",
      "type": "aws_default_security_group",
      "name": "default",
      "provider": "provider[\"registry.terraform.io/hashicorp/aws\"]",
      "instances": [
        {
          "index_key": 0,
          "schema_version": 1,
          "attributes": {
            "arn": "arn:aws:ec2:us-east-1:771370169183:security-group/sg-0c8b757af864dc80a",
            "description": "default VPC security group",
            "egress": [],
            "id": "sg-0c8b757af864dc80a",
            "ingress": [],
            "name": "default",
            "name_prefix": "",
            "owner_id": "771370169183",
            "revoke_rules_on_delete": false,
            "tags": {
              "Name": "-default"
            },
            "tags_all": {
              "Name": "-default"
            },
            "vpc_id": "vpc-0f7ea68ed915a91d7"
          },
          "sensitive_attributes": [],
          "private": "eyJzY2hlbWFfdmVyc2lvbiI6IjEifQ==",
          "dependencies": [
            "aws_vpc.default"
          ]
        }
      ]
    },
    {
      "mode": "managed",
      "type": "aws_internet_gateway",
      "name": "default",
      "provider": "provider[\"registry.terraform.io/hashicorp/aws\"]",
      "instances": [
        {
          "index_key": 0,
          "schema_version": 0,
          "attributes": {
            "arn": "arn:aws:ec2:us-east-1:771370169183:internet-gateway/igw-00fada6e9f94aea02",
            "id": "igw-00fada6e9f94aea02",
            "owner_id": "771370169183",
            "tags": null,
            "tags_all": {},
            "timeouts": null,
            "vpc_id": "vpc-0f7ea68ed915a91d7"
          },
          "sensitive_attributes": [],
          "private": "eyJlMmJmYjczMC1lY2FhLTExZTYtOGY4OC0zNDM2M2JjN2M0YzAiOnsiY3JlYXRlIjoxMjAwMDAwMDAwMDAwLCJkZWxldGUiOjEyMDAwMDAwMDAwMDAsInVwZGF0ZSI6MTIwMDAwMDAwMDAwMH19",
          "dependencies": [
            "aws_vpc.default"
          ]
        }
      ]
    },
    {
      "mode": "managed",
      "type": "aws_vpc",
      "name": "default",
      "provider": "provider[\"registry.terraform.io/hashicorp/aws\"]",
      "instances": [
        {
          "index_key": 0,
          "schema_version": 1,
          "attributes": {
            "arn": "arn:aws:ec2:us-east-1:771370169183:vpc/vpc-0f7ea68ed915a91d7",
            "assign_generated_ipv6_cidr_block": true,
            "cidr_block": "11.0.0.0/16",
            "default_network_acl_id": "acl-02db574ada45358d0",
            "default_route_table_id": "rtb-05a2cec9d9b32b97a",
            "default_security_group_id": "sg-0c8b757af864dc80a",
            "dhcp_options_id": "dopt-0d7ba0f8e5fe0cb28",
            "enable_dns_hostnames": true,
            "enable_dns_support": true,
            "enable_network_address_usage_metrics": false,
            "id": "vpc-0f7ea68ed915a91d7",
            "instance_tenancy": "default",
            "ipv4_ipam_pool_id": null,
            "ipv4_netmask_length": null,
            "ipv6_association_id": "vpc-cidr-assoc-05bcccd14a5ef137f",
            "ipv6_cidr_block": "2600:1f18:7999:9100::/56",
            "ipv6_cidr_block_network_border_group": "us-east-1",
            "ipv6_ipam_pool_id": "",
            "ipv6_netmask_length": 0,
            "main_route_table_id": "rtb-05a2cec9d9b32b97a",
            "owner_id": "771370169183",
            "tags": null,
            "tags_all": {}
          },
          "sensitive_attributes": [],
          "private": "eyJzY2hlbWFfdmVyc2lvbiI6IjEifQ=="
        }
      ]
    }
  ]
}
